// !$*UTF8*$!
{
	archiveVersion = 1;
	classes = {
	};
	objectVersion = 56;
	objects = {

/* Begin PBXBuildFile section */
		C2BA4D1E29B3CEFB0064FFF1 /* UnhabitatorApp.swift in Sources */ = {isa = PBXBuildFile; fileRef = C2BA4D1D29B3CEFB0064FFF1 /* UnhabitatorApp.swift */; };
		C2BA4D2029B3CEFB0064FFF1 /* ContentView.swift in Sources */ = {isa = PBXBuildFile; fileRef = C2BA4D1F29B3CEFB0064FFF1 /* ContentView.swift */; };
		C2BA4D2229B3CEFC0064FFF1 /* Assets.xcassets in Resources */ = {isa = PBXBuildFile; fileRef = C2BA4D2129B3CEFC0064FFF1 /* Assets.xcassets */; };
		C2BA4D2529B3CEFC0064FFF1 /* Preview Assets.xcassets in Resources */ = {isa = PBXBuildFile; fileRef = C2BA4D2429B3CEFC0064FFF1 /* Preview Assets.xcassets */; };
		C2BA4D2F29B3CEFC0064FFF1 /* UnhabitatorTests.swift in Sources */ = {isa = PBXBuildFile; fileRef = C2BA4D2E29B3CEFC0064FFF1 /* UnhabitatorTests.swift */; };
		C2BA4D3929B3CEFC0064FFF1 /* UnhabitatorUITests.swift in Sources */ = {isa = PBXBuildFile; fileRef = C2BA4D3829B3CEFC0064FFF1 /* UnhabitatorUITests.swift */; };
		C2BA4D3B29B3CEFC0064FFF1 /* UnhabitatorUITestsLaunchTests.swift in Sources */ = {isa = PBXBuildFile; fileRef = C2BA4D3A29B3CEFC0064FFF1 /* UnhabitatorUITestsLaunchTests.swift */; };
/* End PBXBuildFile section */

/* Begin PBXContainerItemProxy section */
		C2BA4D2B29B3CEFC0064FFF1 /* PBXContainerItemProxy */ = {
			isa = PBXContainerItemProxy;
			containerPortal = C2BA4D1229B3CEFB0064FFF1 /* Project object */;
			proxyType = 1;
			remoteGlobalIDString = C2BA4D1929B3CEFB0064FFF1;
			remoteInfo = Unhabitator;
		};
		C2BA4D3529B3CEFC0064FFF1 /* PBXContainerItemProxy */ = {
			isa = PBXContainerItemProxy;
			containerPortal = C2BA4D1229B3CEFB0064FFF1 /* Project object */;
			proxyType = 1;
			remoteGlobalIDString = C2BA4D1929B3CEFB0064FFF1;
			remoteInfo = Unhabitator;
		};
/* End PBXContainerItemProxy section */

/* Begin PBXFileReference section */
		C2BA4D1A29B3CEFB0064FFF1 /* Unhabitator.app */ = {isa = PBXFileReference; explicitFileType = wrapper.application; includeInIndex = 0; path = Unhabitator.app; sourceTree = BUILT_PRODUCTS_DIR; };
		C2BA4D1D29B3CEFB0064FFF1 /* UnhabitatorApp.swift */ = {isa = PBXFileReference; lastKnownFileType = sourcecode.swift; path = UnhabitatorApp.swift; sourceTree = "<group>"; };
		C2BA4D1F29B3CEFB0064FFF1 /* ContentView.swift */ = {isa = PBXFileReference; lastKnownFileType = sourcecode.swift; path = ContentView.swift; sourceTree = "<group>"; };
		C2BA4D2129B3CEFC0064FFF1 /* Assets.xcassets */ = {isa = PBXFileReference; lastKnownFileType = folder.assetcatalog; path = Assets.xcassets; sourceTree = "<group>"; };
		C2BA4D2429B3CEFC0064FFF1 /* Preview Assets.xcassets */ = {isa = PBXFileReference; lastKnownFileType = folder.assetcatalog; path = "Preview Assets.xcassets"; sourceTree = "<group>"; };
		C2BA4D2A29B3CEFC0064FFF1 /* UnhabitatorTests.xctest */ = {isa = PBXFileReference; explicitFileType = wrapper.cfbundle; includeInIndex = 0; path = UnhabitatorTests.xctest; sourceTree = BUILT_PRODUCTS_DIR; };
		C2BA4D2E29B3CEFC0064FFF1 /* UnhabitatorTests.swift */ = {isa = PBXFileReference; lastKnownFileType = sourcecode.swift; path = UnhabitatorTests.swift; sourceTree = "<group>"; };
		C2BA4D3429B3CEFC0064FFF1 /* UnhabitatorUITests.xctest */ = {isa = PBXFileReference; explicitFileType = wrapper.cfbundle; includeInIndex = 0; path = UnhabitatorUITests.xctest; sourceTree = BUILT_PRODUCTS_DIR; };
		C2BA4D3829B3CEFC0064FFF1 /* UnhabitatorUITests.swift */ = {isa = PBXFileReference; lastKnownFileType = sourcecode.swift; path = UnhabitatorUITests.swift; sourceTree = "<group>"; };
		C2BA4D3A29B3CEFC0064FFF1 /* UnhabitatorUITestsLaunchTests.swift */ = {isa = PBXFileReference; lastKnownFileType = sourcecode.swift; path = UnhabitatorUITestsLaunchTests.swift; sourceTree = "<group>"; };
/* End PBXFileReference section */

/* Begin PBXFrameworksBuildPhase section */
		C2BA4D1729B3CEFB0064FFF1 /* Frameworks */ = {
			isa = PBXFrameworksBuildPhase;
			buildActionMask = 2147483647;
			files = (
			);
			runOnlyForDeploymentPostprocessing = 0;
		};
		C2BA4D2729B3CEFC0064FFF1 /* Frameworks */ = {
			isa = PBXFrameworksBuildPhase;
			buildActionMask = 2147483647;
			files = (
			);
			runOnlyForDeploymentPostprocessing = 0;
		};
		C2BA4D3129B3CEFC0064FFF1 /* Frameworks */ = {
			isa = PBXFrameworksBuildPhase;
			buildActionMask = 2147483647;
			files = (
			);
			runOnlyForDeploymentPostprocessing = 0;
		};
/* End PBXFrameworksBuildPhase section */

/* Begin PBXGroup section */
		C2BA4D1129B3CEFB0064FFF1 = {
			isa = PBXGroup;
			children = (
				C2BA4D1C29B3CEFB0064FFF1 /* Unhabitator */,
				C2BA4D2D29B3CEFC0064FFF1 /* UnhabitatorTests */,
				C2BA4D3729B3CEFC0064FFF1 /* UnhabitatorUITests */,
				C2BA4D1B29B3CEFB0064FFF1 /* Products */,
			);
			sourceTree = "<group>";
		};
		C2BA4D1B29B3CEFB0064FFF1 /* Products */ = {
			isa = PBXGroup;
			children = (
				C2BA4D1A29B3CEFB0064FFF1 /* Unhabitator.app */,
				C2BA4D2A29B3CEFC0064FFF1 /* UnhabitatorTests.xctest */,
				C2BA4D3429B3CEFC0064FFF1 /* UnhabitatorUITests.xctest */,
			);
			name = Products;
			sourceTree = "<group>";
		};
		C2BA4D1C29B3CEFB0064FFF1 /* Unhabitator */ = {
			isa = PBXGroup;
			children = (
				C2BA4D1D29B3CEFB0064FFF1 /* UnhabitatorApp.swift */,
				C2BA4D1F29B3CEFB0064FFF1 /* ContentView.swift */,
				C2BA4D2129B3CEFC0064FFF1 /* Assets.xcassets */,
				C2BA4D2329B3CEFC0064FFF1 /* Preview Content */,
			);
			path = Unhabitator;
			sourceTree = "<group>";
		};
		C2BA4D2329B3CEFC0064FFF1 /* Preview Content */ = {
			isa = PBXGroup;
			children = (
				C2BA4D2429B3CEFC0064FFF1 /* Preview Assets.xcassets */,
			);
			path = "Preview Content";
			sourceTree = "<group>";
		};
		C2BA4D2D29B3CEFC0064FFF1 /* UnhabitatorTests */ = {
			isa = PBXGroup;
			children = (
				C2BA4D2E29B3CEFC0064FFF1 /* UnhabitatorTests.swift */,
			);
			path = UnhabitatorTests;
			sourceTree = "<group>";
		};
		C2BA4D3729B3CEFC0064FFF1 /* UnhabitatorUITests */ = {
			isa = PBXGroup;
			children = (
				C2BA4D3829B3CEFC0064FFF1 /* UnhabitatorUITests.swift */,
				C2BA4D3A29B3CEFC0064FFF1 /* UnhabitatorUITestsLaunchTests.swift */,
			);
			path = UnhabitatorUITests;
			sourceTree = "<group>";
		};
/* End PBXGroup section */

/* Begin PBXNativeTarget section */
		C2BA4D1929B3CEFB0064FFF1 /* Unhabitator */ = {
			isa = PBXNativeTarget;
			buildConfigurationList = C2BA4D3E29B3CEFC0064FFF1 /* Build configuration list for PBXNativeTarget "Unhabitator" */;
			buildPhases = (
				C2BA4D1629B3CEFB0064FFF1 /* Sources */,
				C2BA4D1729B3CEFB0064FFF1 /* Frameworks */,
				C2BA4D1829B3CEFB0064FFF1 /* Resources */,
			);
			buildRules = (
			);
			dependencies = (
			);
			name = Unhabitator;
			productName = Unhabitator;
			productReference = C2BA4D1A29B3CEFB0064FFF1 /* Unhabitator.app */;
			productType = "com.apple.product-type.application";
		};
		C2BA4D2929B3CEFC0064FFF1 /* UnhabitatorTests */ = {
			isa = PBXNativeTarget;
			buildConfigurationList = C2BA4D4129B3CEFC0064FFF1 /* Build configuration list for PBXNativeTarget "UnhabitatorTests" */;
			buildPhases = (
				C2BA4D2629B3CEFC0064FFF1 /* Sources */,
				C2BA4D2729B3CEFC0064FFF1 /* Frameworks */,
				C2BA4D2829B3CEFC0064FFF1 /* Resources */,
			);
			buildRules = (
			);
			dependencies = (
				C2BA4D2C29B3CEFC0064FFF1 /* PBXTargetDependency */,
			);
			name = UnhabitatorTests;
			productName = UnhabitatorTests;
			productReference = C2BA4D2A29B3CEFC0064FFF1 /* UnhabitatorTests.xctest */;
			productType = "com.apple.product-type.bundle.unit-test";
		};
		C2BA4D3329B3CEFC0064FFF1 /* UnhabitatorUITests */ = {
			isa = PBXNativeTarget;
			buildConfigurationList = C2BA4D4429B3CEFC0064FFF1 /* Build configuration list for PBXNativeTarget "UnhabitatorUITests" */;
			buildPhases = (
				C2BA4D3029B3CEFC0064FFF1 /* Sources */,
				C2BA4D3129B3CEFC0064FFF1 /* Frameworks */,
				C2BA4D3229B3CEFC0064FFF1 /* Resources */,
			);
			buildRules = (
			);
			dependencies = (
				C2BA4D3629B3CEFC0064FFF1 /* PBXTargetDependency */,
			);
			name = UnhabitatorUITests;
			productName = UnhabitatorUITests;
			productReference = C2BA4D3429B3CEFC0064FFF1 /* UnhabitatorUITests.xctest */;
			productType = "com.apple.product-type.bundle.ui-testing";
		};
/* End PBXNativeTarget section */

/* Begin PBXProject section */
		C2BA4D1229B3CEFB0064FFF1 /* Project object */ = {
			isa = PBXProject;
			attributes = {
				BuildIndependentTargetsInParallel = 1;
				LastSwiftUpdateCheck = 1420;
				LastUpgradeCheck = 1420;
				TargetAttributes = {
					C2BA4D1929B3CEFB0064FFF1 = {
						CreatedOnToolsVersion = 14.2;
					};
					C2BA4D2929B3CEFC0064FFF1 = {
						CreatedOnToolsVersion = 14.2;
						TestTargetID = C2BA4D1929B3CEFB0064FFF1;
					};
					C2BA4D3329B3CEFC0064FFF1 = {
						CreatedOnToolsVersion = 14.2;
						TestTargetID = C2BA4D1929B3CEFB0064FFF1;
					};
				};
			};
			buildConfigurationList = C2BA4D1529B3CEFB0064FFF1 /* Build configuration list for PBXProject "Unhabitator" */;
			compatibilityVersion = "Xcode 14.0";
			developmentRegion = en;
			hasScannedForEncodings = 0;
			knownRegions = (
				en,
				Base,
			);
			mainGroup = C2BA4D1129B3CEFB0064FFF1;
			productRefGroup = C2BA4D1B29B3CEFB0064FFF1 /* Products */;
			projectDirPath = "";
			projectRoot = "";
			targets = (
				C2BA4D1929B3CEFB0064FFF1 /* Unhabitator */,
				C2BA4D2929B3CEFC0064FFF1 /* UnhabitatorTests */,
				C2BA4D3329B3CEFC0064FFF1 /* UnhabitatorUITests */,
			);
		};
/* End PBXProject section */

/* Begin PBXResourcesBuildPhase section */
		C2BA4D1829B3CEFB0064FFF1 /* Resources */ = {
			isa = PBXResourcesBuildPhase;
			buildActionMask = 2147483647;
			files = (
				C2BA4D2529B3CEFC0064FFF1 /* Preview Assets.xcassets in Resources */,
				C2BA4D2229B3CEFC0064FFF1 /* Assets.xcassets in Resources */,
			);
			runOnlyForDeploymentPostprocessing = 0;
		};
		C2BA4D2829B3CEFC0064FFF1 /* Resources */ = {
			isa = PBXResourcesBuildPhase;
			buildActionMask = 2147483647;
			files = (
			);
			runOnlyForDeploymentPostprocessing = 0;
		};
		C2BA4D3229B3CEFC0064FFF1 /* Resources */ = {
			isa = PBXResourcesBuildPhase;
			buildActionMask = 2147483647;
			files = (
			);
			runOnlyForDeploymentPostprocessing = 0;
		};
/* End PBXResourcesBuildPhase section */

/* Begin PBXSourcesBuildPhase section */
		C2BA4D1629B3CEFB0064FFF1 /* Sources */ = {
			isa = PBXSourcesBuildPhase;
			buildActionMask = 2147483647;
			files = (
				C2BA4D2029B3CEFB0064FFF1 /* ContentView.swift in Sources */,
				C2BA4D1E29B3CEFB0064FFF1 /* UnhabitatorApp.swift in Sources */,
			);
			runOnlyForDeploymentPostprocessing = 0;
		};
		C2BA4D2629B3CEFC0064FFF1 /* Sources */ = {
			isa = PBXSourcesBuildPhase;
			buildActionMask = 2147483647;
			files = (
				C2BA4D2F29B3CEFC0064FFF1 /* UnhabitatorTests.swift in Sources */,
			);
			runOnlyForDeploymentPostprocessing = 0;
		};
		C2BA4D3029B3CEFC0064FFF1 /* Sources */ = {
			isa = PBXSourcesBuildPhase;
			buildActionMask = 2147483647;
			files = (
				C2BA4D3B29B3CEFC0064FFF1 /* UnhabitatorUITestsLaunchTests.swift in Sources */,
				C2BA4D3929B3CEFC0064FFF1 /* UnhabitatorUITests.swift in Sources */,
			);
			runOnlyForDeploymentPostprocessing = 0;
		};
/* End PBXSourcesBuildPhase section */

/* Begin PBXTargetDependency section */
		C2BA4D2C29B3CEFC0064FFF1 /* PBXTargetDependency */ = {
			isa = PBXTargetDependency;
			target = C2BA4D1929B3CEFB0064FFF1 /* Unhabitator */;
			targetProxy = C2BA4D2B29B3CEFC0064FFF1 /* PBXContainerItemProxy */;
		};
		C2BA4D3629B3CEFC0064FFF1 /* PBXTargetDependency */ = {
			isa = PBXTargetDependency;
			target = C2BA4D1929B3CEFB0064FFF1 /* Unhabitator */;
			targetProxy = C2BA4D3529B3CEFC0064FFF1 /* PBXContainerItemProxy */;
		};
/* End PBXTargetDependency section */

/* Begin XCBuildConfiguration section */
		C2BA4D3C29B3CEFC0064FFF1 /* Debug */ = {
			isa = XCBuildConfiguration;
			buildSettings = {
				ALWAYS_SEARCH_USER_PATHS = NO;
				CLANG_ANALYZER_NONNULL = YES;
				CLANG_ANALYZER_NUMBER_OBJECT_CONVERSION = YES_AGGRESSIVE;
				CLANG_CXX_LANGUAGE_STANDARD = "gnu++20";
				CLANG_ENABLE_MODULES = YES;
				CLANG_ENABLE_OBJC_ARC = YES;
				CLANG_ENABLE_OBJC_WEAK = YES;
				CLANG_WARN_BLOCK_CAPTURE_AUTORELEASING = YES;
				CLANG_WARN_BOOL_CONVERSION = YES;
				CLANG_WARN_COMMA = YES;
				CLANG_WARN_CONSTANT_CONVERSION = YES;
				CLANG_WARN_DEPRECATED_OBJC_IMPLEMENTATIONS = YES;
				CLANG_WARN_DIRECT_OBJC_ISA_USAGE = YES_ERROR;
				CLANG_WARN_DOCUMENTATION_COMMENTS = YES;
				CLANG_WARN_EMPTY_BODY = YES;
				CLANG_WARN_ENUM_CONVERSION = YES;
				CLANG_WARN_INFINITE_RECURSION = YES;
				CLANG_WARN_INT_CONVERSION = YES;
				CLANG_WARN_NON_LITERAL_NULL_CONVERSION = YES;
				CLANG_WARN_OBJC_IMPLICIT_RETAIN_SELF = YES;
				CLANG_WARN_OBJC_LITERAL_CONVERSION = YES;
				CLANG_WARN_OBJC_ROOT_CLASS = YES_ERROR;
				CLANG_WARN_QUOTED_INCLUDE_IN_FRAMEWORK_HEADER = YES;
				CLANG_WARN_RANGE_LOOP_ANALYSIS = YES;
				CLANG_WARN_STRICT_PROTOTYPES = YES;
				CLANG_WARN_SUSPICIOUS_MOVE = YES;
				CLANG_WARN_UNGUARDED_AVAILABILITY = YES_AGGRESSIVE;
				CLANG_WARN_UNREACHABLE_CODE = YES;
				CLANG_WARN__DUPLICATE_METHOD_MATCH = YES;
				COPY_PHASE_STRIP = NO;
				DEBUG_INFORMATION_FORMAT = dwarf;
				ENABLE_STRICT_OBJC_MSGSEND = YES;
				ENABLE_TESTABILITY = YES;
				GCC_C_LANGUAGE_STANDARD = gnu11;
				GCC_DYNAMIC_NO_PIC = NO;
				GCC_NO_COMMON_BLOCKS = YES;
				GCC_OPTIMIZATION_LEVEL = 0;
				GCC_PREPROCESSOR_DEFINITIONS = (
					"DEBUG=1",
					"$(inherited)",
				);
				GCC_WARN_64_TO_32_BIT_CONVERSION = YES;
				GCC_WARN_ABOUT_RETURN_TYPE = YES_ERROR;
				GCC_WARN_UNDECLARED_SELECTOR = YES;
				GCC_WARN_UNINITIALIZED_AUTOS = YES_AGGRESSIVE;
				GCC_WARN_UNUSED_FUNCTION = YES;
				GCC_WARN_UNUSED_VARIABLE = YES;
				IPHONEOS_DEPLOYMENT_TARGET = 16.2;
				MTL_ENABLE_DEBUG_INFO = INCLUDE_SOURCE;
				MTL_FAST_MATH = YES;
				ONLY_ACTIVE_ARCH = YES;
				SDKROOT = iphoneos;
				SWIFT_ACTIVE_COMPILATION_CONDITIONS = DEBUG;
				SWIFT_OPTIMIZATION_LEVEL = "-Onone";
			};
			name = Debug;
		};
		C2BA4D3D29B3CEFC0064FFF1 /* Release */ = {
			isa = XCBuildConfiguration;
			buildSettings = {
				ALWAYS_SEARCH_USER_PATHS = NO;
				CLANG_ANALYZER_NONNULL = YES;
				CLANG_ANALYZER_NUMBER_OBJECT_CONVERSION = YES_AGGRESSIVE;
				CLANG_CXX_LANGUAGE_STANDARD = "gnu++20";
				CLANG_ENABLE_MODULES = YES;
				CLANG_ENABLE_OBJC_ARC = YES;
				CLANG_ENABLE_OBJC_WEAK = YES;
				CLANG_WARN_BLOCK_CAPTURE_AUTORELEASING = YES;
				CLANG_WARN_BOOL_CONVERSION = YES;
				CLANG_WARN_COMMA = YES;
				CLANG_WARN_CONSTANT_CONVERSION = YES;
				CLANG_WARN_DEPRECATED_OBJC_IMPLEMENTATIONS = YES;
				CLANG_WARN_DIRECT_OBJC_ISA_USAGE = YES_ERROR;
				CLANG_WARN_DOCUMENTATION_COMMENTS = YES;
				CLANG_WARN_EMPTY_BODY = YES;
				CLANG_WARN_ENUM_CONVERSION = YES;
				CLANG_WARN_INFINITE_RECURSION = YES;
				CLANG_WARN_INT_CONVERSION = YES;
				CLANG_WARN_NON_LITERAL_NULL_CONVERSION = YES;
				CLANG_WARN_OBJC_IMPLICIT_RETAIN_SELF = YES;
				CLANG_WARN_OBJC_LITERAL_CONVERSION = YES;
				CLANG_WARN_OBJC_ROOT_CLASS = YES_ERROR;
				CLANG_WARN_QUOTED_INCLUDE_IN_FRAMEWORK_HEADER = YES;
				CLANG_WARN_RANGE_LOOP_ANALYSIS = YES;
				CLANG_WARN_STRICT_PROTOTYPES = YES;
				CLANG_WARN_SUSPICIOUS_MOVE = YES;
				CLANG_WARN_UNGUARDED_AVAILABILITY = YES_AGGRESSIVE;
				CLANG_WARN_UNREACHABLE_CODE = YES;
				CLANG_WARN__DUPLICATE_METHOD_MATCH = YES;
				COPY_PHASE_STRIP = NO;
				DEBUG_INFORMATION_FORMAT = "dwarf-with-dsym";
				ENABLE_NS_ASSERTIONS = NO;
				ENABLE_STRICT_OBJC_MSGSEND = YES;
				GCC_C_LANGUAGE_STANDARD = gnu11;
				GCC_NO_COMMON_BLOCKS = YES;
				GCC_WARN_64_TO_32_BIT_CONVERSION = YES;
				GCC_WARN_ABOUT_RETURN_TYPE = YES_ERROR;
				GCC_WARN_UNDECLARED_SELECTOR = YES;
				GCC_WARN_UNINITIALIZED_AUTOS = YES_AGGRESSIVE;
				GCC_WARN_UNUSED_FUNCTION = YES;
				GCC_WARN_UNUSED_VARIABLE = YES;
				IPHONEOS_DEPLOYMENT_TARGET = 16.2;
				MTL_ENABLE_DEBUG_INFO = NO;
				MTL_FAST_MATH = YES;
				SDKROOT = iphoneos;
				SWIFT_COMPILATION_MODE = wholemodule;
				SWIFT_OPTIMIZATION_LEVEL = "-O";
				VALIDATE_PRODUCT = YES;
			};
			name = Release;
		};
		C2BA4D3F29B3CEFC0064FFF1 /* Debug */ = {
			isa = XCBuildConfiguration;
			buildSettings = {
				ASSETCATALOG_COMPILER_APPICON_NAME = AppIcon;
				ASSETCATALOG_COMPILER_GLOBAL_ACCENT_COLOR_NAME = AccentColor;
				CODE_SIGN_STYLE = Automatic;
				CURRENT_PROJECT_VERSION = 1;
				DEVELOPMENT_ASSET_PATHS = "\"Unhabitator/Preview Content\"";
				DEVELOPMENT_TEAM = Z23TRTN9BL;
				ENABLE_PREVIEWS = YES;
				GENERATE_INFOPLIST_FILE = YES;
				INFOPLIST_KEY_UIApplicationSceneManifest_Generation = YES;
				INFOPLIST_KEY_UIApplicationSupportsIndirectInputEvents = YES;
				INFOPLIST_KEY_UILaunchScreen_Generation = YES;
				INFOPLIST_KEY_UISupportedInterfaceOrientations_iPad = "UIInterfaceOrientationPortrait UIInterfaceOrientationPortraitUpsideDown UIInterfaceOrientationLandscapeLeft UIInterfaceOrientationLandscapeRight";
				INFOPLIST_KEY_UISupportedInterfaceOrientations_iPhone = "UIInterfaceOrientationPortrait UIInterfaceOrientationLandscapeLeft UIInterfaceOrientationLandscapeRight";
				LD_RUNPATH_SEARCH_PATHS = (
					"$(inherited)",
					"@executable_path/Frameworks",
				);
				MARKETING_VERSION = 1.0;
				PRODUCT_BUNDLE_IDENTIFIER = com.VatsalSivaratri.Unhabitator;
				PRODUCT_NAME = "$(TARGET_NAME)";
				SWIFT_EMIT_LOC_STRINGS = YES;
				SWIFT_VERSION = 5.0;
				TARGETED_DEVICE_FAMILY = "1,2";
			};
			name = Debug;
		};
		C2BA4D4029B3CEFC0064FFF1 /* Release */ = {
			isa = XCBuildConfiguration;
			buildSettings = {
				ASSETCATALOG_COMPILER_APPICON_NAME = AppIcon;
				ASSETCATALOG_COMPILER_GLOBAL_ACCENT_COLOR_NAME = AccentColor;
				CODE_SIGN_STYLE = Automatic;
				CURRENT_PROJECT_VERSION = 1;
				DEVELOPMENT_ASSET_PATHS = "\"Unhabitator/Preview Content\"";
				DEVELOPMENT_TEAM = Z23TRTN9BL;
				ENABLE_PREVIEWS = YES;
				GENERATE_INFOPLIST_FILE = YES;
				INFOPLIST_KEY_UIApplicationSceneManifest_Generation = YES;
				INFOPLIST_KEY_UIApplicationSupportsIndirectInputEvents = YES;
				INFOPLIST_KEY_UILaunchScreen_Generation = YES;
				INFOPLIST_KEY_UISupportedInterfaceOrientations_iPad = "UIInterfaceOrientationPortrait UIInterfaceOrientationPortraitUpsideDown UIInterfaceOrientationLandscapeLeft UIInterfaceOrientationLandscapeRight";
				INFOPLIST_KEY_UISupportedInterfaceOrientations_iPhone = "UIInterfaceOrientationPortrait UIInterfaceOrientationLandscapeLeft UIInterfaceOrientationLandscapeRight";
				LD_RUNPATH_SEARCH_PATHS = (
					"$(inherited)",
					"@executable_path/Frameworks",
				);
				MARKETING_VERSION = 1.0;
				PRODUCT_BUNDLE_IDENTIFIER = com.VatsalSivaratri.Unhabitator;
				PRODUCT_NAME = "$(TARGET_NAME)";
				SWIFT_EMIT_LOC_STRINGS = YES;
				SWIFT_VERSION = 5.0;
				TARGETED_DEVICE_FAMILY = "1,2";
			};
			name = Release;
		};
		C2BA4D4229B3CEFC0064FFF1 /* Debug */ = {
			isa = XCBuildConfiguration;
			buildSettings = {
				ALWAYS_EMBED_SWIFT_STANDARD_LIBRARIES = YES;
				BUNDLE_LOADER = "$(TEST_HOST)";
				CODE_SIGN_STYLE = Automatic;
				CURRENT_PROJECT_VERSION = 1;
				DEVELOPMENT_TEAM = Z23TRTN9BL;
				GENERATE_INFOPLIST_FILE = YES;
				IPHONEOS_DEPLOYMENT_TARGET = 16.2;
				MARKETING_VERSION = 1.0;
				PRODUCT_BUNDLE_IDENTIFIER = com.VatsalSivaratri.UnhabitatorTests;
				PRODUCT_NAME = "$(TARGET_NAME)";
				SWIFT_EMIT_LOC_STRINGS = NO;
				SWIFT_VERSION = 5.0;
				TARGETED_DEVICE_FAMILY = "1,2";
				TEST_HOST = "$(BUILT_PRODUCTS_DIR)/Unhabitator.app/$(BUNDLE_EXECUTABLE_FOLDER_PATH)/Unhabitator";
			};
			name = Debug;
		};
		C2BA4D4329B3CEFC0064FFF1 /* Release */ = {
			isa = XCBuildConfiguration;
			buildSettings = {
				ALWAYS_EMBED_SWIFT_STANDARD_LIBRARIES = YES;
				BUNDLE_LOADER = "$(TEST_HOST)";
				CODE_SIGN_STYLE = Automatic;
				CURRENT_PROJECT_VERSION = 1;
				DEVELOPMENT_TEAM = Z23TRTN9BL;
				GENERATE_INFOPLIST_FILE = YES;
				IPHONEOS_DEPLOYMENT_TARGET = 16.2;
				MARKETING_VERSION = 1.0;
				PRODUCT_BUNDLE_IDENTIFIER = com.VatsalSivaratri.UnhabitatorTests;
				PRODUCT_NAME = "$(TARGET_NAME)";
				SWIFT_EMIT_LOC_STRINGS = NO;
				SWIFT_VERSION = 5.0;
				TARGETED_DEVICE_FAMILY = "1,2";
				TEST_HOST = "$(BUILT_PRODUCTS_DIR)/Unhabitator.app/$(BUNDLE_EXECUTABLE_FOLDER_PATH)/Unhabitator";
			};
			name = Release;
		};
		C2BA4D4529B3CEFC0064FFF1 /* Debug */ = {
			isa = XCBuildConfiguration;
			buildSettings = {
				ALWAYS_EMBED_SWIFT_STANDARD_LIBRARIES = YES;
				CODE_SIGN_STYLE = Automatic;
				CURRENT_PROJECT_VERSION = 1;
				DEVELOPMENT_TEAM = Z23TRTN9BL;
				GENERATE_INFOPLIST_FILE = YES;
				MARKETING_VERSION = 1.0;
				PRODUCT_BUNDLE_IDENTIFIER = com.VatsalSivaratri.UnhabitatorUITests;
				PRODUCT_NAME = "$(TARGET_NAME)";
				SWIFT_EMIT_LOC_STRINGS = NO;
				SWIFT_VERSION = 5.0;
				TARGETED_DEVICE_FAMILY = "1,2";
				TEST_TARGET_NAME = Unhabitator;
			};
			name = Debug;
		};
		C2BA4D4629B3CEFC0064FFF1 /* Release */ = {
			isa = XCBuildConfiguration;
			buildSettings = {
				ALWAYS_EMBED_SWIFT_STANDARD_LIBRARIES = YES;
				CODE_SIGN_STYLE = Automatic;
				CURRENT_PROJECT_VERSION = 1;
				DEVELOPMENT_TEAM = Z23TRTN9BL;
				GENERATE_INFOPLIST_FILE = YES;
				MARKETING_VERSION = 1.0;
				PRODUCT_BUNDLE_IDENTIFIER = com.VatsalSivaratri.UnhabitatorUITests;
				PRODUCT_NAME = "$(TARGET_NAME)";
				SWIFT_EMIT_LOC_STRINGS = NO;
				SWIFT_VERSION = 5.0;
				TARGETED_DEVICE_FAMILY = "1,2";
				TEST_TARGET_NAME = Unhabitator;
			};
			name = Release;
		};
/* End XCBuildConfiguration section */

/* Begin XCConfigurationList section */
		C2BA4D1529B3CEFB0064FFF1 /* Build configuration list for PBXProject "Unhabitator" */ = {
			isa = XCConfigurationList;
			buildConfigurations = (
				C2BA4D3C29B3CEFC0064FFF1 /* Debug */,
				C2BA4D3D29B3CEFC0064FFF1 /* Release */,
			);
			defaultConfigurationIsVisible = 0;
			defaultConfigurationName = Release;
		};
		C2BA4D3E29B3CEFC0064FFF1 /* Build configuration list for PBXNativeTarget "Unhabitator" */ = {
			isa = XCConfigurationList;
			buildConfigurations = (
				C2BA4D3F29B3CEFC0064FFF1 /* Debug */,
				C2BA4D4029B3CEFC0064FFF1 /* Release */,
			);
			defaultConfigurationIsVisible = 0;
			defaultConfigurationName = Release;
		};
		C2BA4D4129B3CEFC0064FFF1 /* Build configuration list for PBXNativeTarget "UnhabitatorTests" */ = {
			isa = XCConfigurationList;
			buildConfigurations = (
				C2BA4D4229B3CEFC0064FFF1 /* Debug */,
				C2BA4D4329B3CEFC0064FFF1 /* Release */,
			);
			defaultConfigurationIsVisible = 0;
			defaultConfigurationName = Release;
		};
		C2BA4D4429B3CEFC0064FFF1 /* Build configuration list for PBXNativeTarget "UnhabitatorUITests" */ = {
			isa = XCConfigurationList;
			buildConfigurations = (
				C2BA4D4529B3CEFC0064FFF1 /* Debug */,
				C2BA4D4629B3CEFC0064FFF1 /* Release */,
			);
			defaultConfigurationIsVisible = 0;
			defaultConfigurationName = Release;
		};
/* End XCConfigurationList section */
	};
	rootObject = C2BA4D1229B3CEFB0064FFF1 /* Project object */;
}
